{
    "version": 3,
    "terraform_version": "0.11.7",
    "serial": 12,
    "lineage": "0edf31c4-7129-5ca3-209e-c60ccb356c3e",
    "modules": [
        {
            "path": [
                "root"
            ],
            "outputs": {},
            "resources": {
                "aws_ami_from_instance.wp_img": {
                    "type": "aws_ami_from_instance",
                    "depends_on": [
                        "aws_instance.wp_dev",
                        "aws_s3_bucket.code",
                        "random_id.wp_ami_entropy"
                    ],
                    "primary": {
                        "id": "ami-09806d44294a414c4",
                        "attributes": {
                            "architecture": "x86_64",
                            "description": "",
                            "ebs_block_device.#": "1",
                            "ebs_block_device.1005902711.delete_on_termination": "true",
                            "ebs_block_device.1005902711.device_name": "/dev/xvda",
                            "ebs_block_device.1005902711.encrypted": "false",
                            "ebs_block_device.1005902711.iops": "0",
                            "ebs_block_device.1005902711.snapshot_id": "snap-0d56c2cacc29dec2c",
                            "ebs_block_device.1005902711.volume_size": "8",
                            "ebs_block_device.1005902711.volume_type": "gp2",
                            "ena_support": "true",
                            "ephemeral_block_device.#": "0",
                            "id": "ami-09806d44294a414c4",
                            "image_location": "376483568454/wp_ami-QoQn",
                            "kernel_id": "",
                            "manage_ebs_snapshots": "true",
                            "name": "wp_ami-QoQn",
                            "ramdisk_id": "",
                            "root_device_name": "/dev/xvda",
                            "root_snapshot_id": "snap-0d56c2cacc29dec2c",
                            "source_instance_id": "i-0b13526db6187a3f3",
                            "sriov_net_support": "simple",
                            "tags.%": "0",
                            "virtualization_type": "hvm"
                        },
                        "meta": {
                            "e2bfb730-ecaa-11e6-8f88-34363bc7c4c0": {
                                "create": 2400000000000,
                                "delete": 5400000000000,
                                "update": 2400000000000
                            }
                        },
                        "tainted": false
                    },
                    "deposed": [],
                    "provider": "provider.aws"
                },
                "aws_autoscaling_group.wp_asg": {
                    "type": "aws_autoscaling_group",
                    "depends_on": [],
                    "primary": {
                        "id": "asg-wp_lc-20180902223443592500000001",
                        "attributes": {
                            "arn": "arn:aws:autoscaling:us-east-1:376483568454:autoScalingGroup:10bfe007-b2e1-432d-8709-812c5fc33886:autoScalingGroupName/asg-wp_lc-20180902223443592500000001",
                            "availability_zones.#": "2",
                            "availability_zones.1305112097": "us-east-1b",
                            "availability_zones.3569565595": "us-east-1a",
                            "default_cooldown": "300",
                            "desired_capacity": "2",
                            "enabled_metrics.#": "0",
                            "force_delete": "true",
                            "health_check_grace_period": "300",
                            "health_check_type": "EC2",
                            "id": "asg-wp_lc-20180902223443592500000001",
                            "launch_configuration": "wp_lc-20180902223443592500000001",
                            "launch_template.#": "0",
                            "load_balancers.#": "1",
                            "load_balancers.2566943081": "myilv-elb",
                            "max_size": "2",
                            "metrics_granularity": "1Minute",
                            "min_size": "1",
                            "name": "asg-wp_lc-20180902223443592500000001",
                            "placement_group": "",
                            "protect_from_scale_in": "false",
                            "service_linked_role_arn": "arn:aws:iam::376483568454:role/aws-service-role/autoscaling.amazonaws.com/AWSServiceRoleForAutoScaling",
                            "suspended_processes.#": "0",
                            "tag.#": "1",
                            "tag.673706737.key": "Name",
                            "tag.673706737.propagate_at_launch": "true",
                            "tag.673706737.value": "wp_asg-instance",
                            "target_group_arns.#": "0",
                            "termination_policies.#": "0",
                            "vpc_zone_identifier.#": "2",
                            "vpc_zone_identifier.2175251277": "subnet-08826b3ba75a8c763",
                            "vpc_zone_identifier.33965430": "subnet-08643eded173cfc7b",
                            "wait_for_capacity_timeout": "10m"
                        },
                        "meta": {
                            "e2bfb730-ecaa-11e6-8f88-34363bc7c4c0": {
                                "delete": 600000000000
                            }
                        },
                        "tainted": false
                    },
                    "deposed": [],
                    "provider": "provider.aws"
                },
                "aws_db_instance.wp_db": {
                    "type": "aws_db_instance",
                    "depends_on": [
                        "aws_db_subnet_group.wp_rds_subnetgroup",
                        "aws_security_group.wp_rds_sg"
                    ],
                    "primary": {
                        "id": "terraform-20180902212332586300000003",
                        "attributes": {
                            "address": "terraform-20180902212332586300000003.cnloy3ysrchs.us-east-1.rds.amazonaws.com",
                            "allocated_storage": "10",
                            "arn": "arn:aws:rds:us-east-1:376483568454:db:terraform-20180902212332586300000003",
                            "auto_minor_version_upgrade": "true",
                            "availability_zone": "us-east-1b",
                            "backup_retention_period": "0",
                            "backup_window": "06:19-06:49",
                            "ca_cert_identifier": "rds-ca-2015",
                            "copy_tags_to_snapshot": "false",
                            "db_subnet_group_name": "wp_rds_subnetgroup",
                            "enabled_cloudwatch_logs_exports.#": "0",
                            "endpoint": "terraform-20180902212332586300000003.cnloy3ysrchs.us-east-1.rds.amazonaws.com:3306",
                            "engine": "mysql",
                            "engine_version": "5.6.27",
                            "hosted_zone_id": "Z2R2ITUGPM61AM",
                            "iam_database_authentication_enabled": "false",
                            "id": "terraform-20180902212332586300000003",
                            "identifier": "terraform-20180902212332586300000003",
                            "instance_class": "db.t2.micro",
                            "iops": "0",
                            "kms_key_id": "",
                            "license_model": "general-public-license",
                            "maintenance_window": "mon:08:28-mon:08:58",
                            "monitoring_interval": "0",
                            "multi_az": "false",
                            "name": "superherodb",
                            "option_group_name": "default:mysql-5-6",
                            "parameter_group_name": "default.mysql5.6",
                            "password": "superheropass",
                            "port": "3306",
                            "publicly_accessible": "false",
                            "replicas.#": "0",
                            "replicate_source_db": "",
                            "resource_id": "db-R353HFIZZHXG42BO5WECYC6NTQ",
                            "security_group_names.#": "0",
                            "skip_final_snapshot": "true",
                            "status": "available",
                            "storage_encrypted": "false",
                            "storage_type": "standard",
                            "tags.%": "0",
                            "timezone": "",
                            "username": "superhero",
                            "vpc_security_group_ids.#": "1",
                            "vpc_security_group_ids.1996769425": "sg-0175d3041bc241212"
                        },
                        "meta": {
                            "e2bfb730-ecaa-11e6-8f88-34363bc7c4c0": {
                                "create": 2400000000000,
                                "delete": 2400000000000,
                                "update": 4800000000000
                            }
                        },
                        "tainted": false
                    },
                    "deposed": [],
                    "provider": "provider.aws"
                },
                "aws_db_subnet_group.wp_rds_subnetgroup": {
                    "type": "aws_db_subnet_group",
                    "depends_on": [
                        "aws_subnet.wp_rds1_subnet",
                        "aws_subnet.wp_rds2_subnet",
                        "aws_subnet.wp_rds3_subnet"
                    ],
                    "primary": {
                        "id": "wp_rds_subnetgroup",
                        "attributes": {
                            "arn": "arn:aws:rds:us-east-1:376483568454:subgrp:wp_rds_subnetgroup",
                            "description": "Managed by Terraform",
                            "id": "wp_rds_subnetgroup",
                            "name": "wp_rds_subnetgroup",
                            "subnet_ids.#": "3",
                            "subnet_ids.2069658592": "subnet-0e8c50532392a86d6",
                            "subnet_ids.3701678514": "subnet-0004bc58cf73c9d65",
                            "subnet_ids.74689110": "subnet-02fa72f549d9b09ee",
                            "tags.%": "1",
                            "tags.Name": "wp_rds_sng"
                        },
                        "meta": {},
                        "tainted": false
                    },
                    "deposed": [],
                    "provider": "provider.aws"
                },
                "aws_default_route_table.wp_private_rt": {
                    "type": "aws_default_route_table",
                    "depends_on": [
                        "aws_vpc.wp_vpc"
                    ],
                    "primary": {
                        "id": "rtb-03163bd8997269251",
                        "attributes": {
                            "default_route_table_id": "rtb-03163bd8997269251",
                            "id": "rtb-03163bd8997269251",
                            "propagating_vgws.#": "0",
                            "route.#": "0",
                            "tags.%": "1",
                            "tags.Name": "wp_private",
                            "vpc_id": "vpc-06507e9e9e68b22b6"
                        },
                        "meta": {},
                        "tainted": false
                    },
                    "deposed": [],
                    "provider": "provider.aws"
                },
                "aws_elb.wp_elb": {
                    "type": "aws_elb",
                    "depends_on": [
                        "aws_security_group.wp_public_sg",
                        "aws_subnet.wp_public1_subnet",
                        "aws_subnet.wp_public2_subnet"
                    ],
                    "primary": {
                        "id": "myilv-elb",
                        "attributes": {
                            "access_logs.#": "0",
                            "arn": "arn:aws:elasticloadbalancing:us-east-1:376483568454:loadbalancer/myilv-elb",
                            "availability_zones.#": "2",
                            "availability_zones.1305112097": "us-east-1b",
                            "availability_zones.3569565595": "us-east-1a",
                            "connection_draining": "true",
                            "connection_draining_timeout": "400",
                            "cross_zone_load_balancing": "true",
                            "dns_name": "myilv-elb-1366086302.us-east-1.elb.amazonaws.com",
                            "health_check.#": "1",
                            "health_check.0.healthy_threshold": "2",
                            "health_check.0.interval": "30",
                            "health_check.0.target": "TCP:80",
                            "health_check.0.timeout": "3",
                            "health_check.0.unhealthy_threshold": "2",
                            "id": "myilv-elb",
                            "idle_timeout": "400",
                            "instances.#": "1",
                            "instances.725007756": "i-031749038ce6f57f5",
                            "internal": "false",
                            "listener.#": "1",
                            "listener.3057123346.instance_port": "80",
                            "listener.3057123346.instance_protocol": "http",
                            "listener.3057123346.lb_port": "80",
                            "listener.3057123346.lb_protocol": "http",
                            "listener.3057123346.ssl_certificate_id": "",
                            "name": "myilv-elb",
                            "security_groups.#": "1",
                            "security_groups.530568557": "sg-0ab25866db97533aa",
                            "source_security_group": "376483568454/wp_public_sg",
                            "source_security_group_id": "sg-0ab25866db97533aa",
                            "subnets.#": "2",
                            "subnets.3632183402": "subnet-0f520aa6052369dcf",
                            "subnets.3765599055": "subnet-0a3c0c3a3279a1375",
                            "tags.%": "1",
                            "tags.Name": "wp_myilv-elb",
                            "zone_id": "Z35SXDOTRQ7X7K"
                        },
                        "meta": {},
                        "tainted": false
                    },
                    "deposed": [],
                    "provider": "provider.aws"
                },
                "aws_iam_instance_profile.s3_access_profile": {
                    "type": "aws_iam_instance_profile",
                    "depends_on": [
                        "aws_iam_role.s3_access_role"
                    ],
                    "primary": {
                        "id": "s3_access",
                        "attributes": {
                            "arn": "arn:aws:iam::376483568454:instance-profile/s3_access",
                            "create_date": "2018-09-02T21:23:12Z",
                            "id": "s3_access",
                            "name": "s3_access",
                            "path": "/",
                            "role": "s3_access_role",
                            "roles.#": "1",
                            "roles.2044655173": "s3_access_role",
                            "unique_id": "AIPAJMOOLK4SOS77FCO62"
                        },
                        "meta": {},
                        "tainted": false
                    },
                    "deposed": [],
                    "provider": "provider.aws"
                },
                "aws_iam_role.s3_access_role": {
                    "type": "aws_iam_role",
                    "depends_on": [],
                    "primary": {
                        "id": "s3_access_role",
                        "attributes": {
                            "arn": "arn:aws:iam::376483568454:role/s3_access_role",
                            "assume_role_policy": "{\"Version\":\"2012-10-17\",\"Statement\":[{\"Sid\":\"\",\"Effect\":\"Allow\",\"Principal\":{\"Service\":\"ec2.amazonaws.com\"},\"Action\":\"sts:AssumeRole\"}]}",
                            "create_date": "2018-09-02T21:23:10Z",
                            "description": "",
                            "force_detach_policies": "false",
                            "id": "s3_access_role",
                            "max_session_duration": "3600",
                            "name": "s3_access_role",
                            "path": "/",
                            "unique_id": "AROAIUSUYLUWPDLYTTDII"
                        },
                        "meta": {},
                        "tainted": false
                    },
                    "deposed": [],
                    "provider": "provider.aws"
                },
                "aws_iam_role_policy.s3_access_policy": {
                    "type": "aws_iam_role_policy",
                    "depends_on": [
                        "aws_iam_role.s3_access_role"
                    ],
                    "primary": {
                        "id": "s3_access_role:s3_access_policy",
                        "attributes": {
                            "id": "s3_access_role:s3_access_policy",
                            "name": "s3_access_policy",
                            "policy": "{\n  \"Version\": \"2012-10-17\",\n  \"Statement\": [\n    {\n       \"Effect\":\"Allow\",\n       \"Action\": \"s3:*\",\n       \"Resource\": \"*\"\n    }\n  ]\n}\n",
                            "role": "s3_access_role"
                        },
                        "meta": {},
                        "tainted": false
                    },
                    "deposed": [],
                    "provider": "provider.aws"
                },
                "aws_instance.wp_dev": {
                    "type": "aws_instance",
                    "depends_on": [],
                    "primary": {
                        "id": "i-0b13526db6187a3f3",
                        "attributes": {
                            "ami": "ami-b73b63a0",
                            "arn": "arn:aws:ec2:us-east-1:376483568454:instance/i-0b13526db6187a3f3",
                            "associate_public_ip_address": "true",
                            "availability_zone": "us-east-1a",
                            "cpu_core_count": "1",
                            "cpu_threads_per_core": "1",
                            "credit_specification.#": "1",
                            "credit_specification.0.cpu_credits": "standard",
                            "disable_api_termination": "false",
                            "ebs_block_device.#": "0",
                            "ebs_optimized": "false",
                            "ephemeral_block_device.#": "0",
                            "get_password_data": "false",
                            "iam_instance_profile": "s3_access",
                            "id": "i-0b13526db6187a3f3",
                            "instance_state": "running",
                            "instance_type": "t2.micro",
                            "ipv6_addresses.#": "0",
                            "key_name": "wpkey",
                            "monitoring": "false",
                            "network_interface.#": "0",
                            "network_interface_id": "eni-078b1778f48cd4868",
                            "password_data": "",
                            "placement_group": "",
                            "primary_network_interface_id": "eni-078b1778f48cd4868",
                            "private_dns": "ip-10-0-1-231.ec2.internal",
                            "private_ip": "10.0.1.231",
                            "public_dns": "ec2-18-213-245-103.compute-1.amazonaws.com",
                            "public_ip": "18.213.245.103",
                            "root_block_device.#": "1",
                            "root_block_device.0.delete_on_termination": "true",
                            "root_block_device.0.iops": "100",
                            "root_block_device.0.volume_id": "vol-0ec52bdebcbfd1787",
                            "root_block_device.0.volume_size": "8",
                            "root_block_device.0.volume_type": "gp2",
                            "security_groups.#": "0",
                            "source_dest_check": "true",
                            "subnet_id": "subnet-0f520aa6052369dcf",
                            "tags.%": "1",
                            "tags.Name": "wp_dev",
                            "tenancy": "default",
                            "volume_tags.%": "0",
                            "vpc_security_group_ids.#": "1",
                            "vpc_security_group_ids.4016396774": "sg-00b5acf1f32717cb9"
                        },
                        "meta": {
                            "e2bfb730-ecaa-11e6-8f88-34363bc7c4c0": {
                                "create": 600000000000,
                                "delete": 1200000000000,
                                "update": 600000000000
                            },
                            "schema_version": "1"
                        },
                        "tainted": false
                    },
                    "deposed": [],
                    "provider": "provider.aws"
                },
                "aws_internet_gateway.wp_internet_gateway": {
                    "type": "aws_internet_gateway",
                    "depends_on": [
                        "aws_vpc.wp_vpc"
                    ],
                    "primary": {
                        "id": "igw-07c48b2f1828a1b6c",
                        "attributes": {
                            "id": "igw-07c48b2f1828a1b6c",
                            "tags.%": "1",
                            "tags.Name": "wp_igw",
                            "vpc_id": "vpc-06507e9e9e68b22b6"
                        },
                        "meta": {},
                        "tainted": false
                    },
                    "deposed": [],
                    "provider": "provider.aws"
                },
                "aws_key_pair.wp_auth": {
                    "type": "aws_key_pair",
                    "depends_on": [],
                    "primary": {
                        "id": "wpkey",
                        "attributes": {
                            "fingerprint": "86:97:e1:81:62:57:bb:5c:51:bf:3e:ba:b1:87:59:e6",
                            "id": "wpkey",
                            "key_name": "wpkey",
                            "public_key": "ssh-rsa AAAAB3NzaC1yc2EAAAADAQABAAABAQDAevQJ432rfueWK7FcxaVzQeeGjQe0hZGbJVGbZH6cwDO0HTdCgL8JR1u64np8QslwCg67wKuLeeaOSMSjAkJNQJUJmcrR0D7WovA1QfMNJoDSuZtgW6gm7cFWz+OiFUXv+nWyEEvirSP+3iKxkEOYaWQL/sYD97tdzjLXIh5JCOcb3+jGe4oaQ2263R3PAvLERQeaS67xJw2TkRgKbo1Ou9mB3Sofqhqoe5jXpmqRiAu36nYcj4RxeQ+TmU89w4ay7zg9rZHfZA6nbyjJOCFys5iO9KFnFgZ0+umpSSCKStuoCvAZ2vsX97zeg3fCuKP+i/mLtaXcvlSPGPiipDOx root@ilbox"
                        },
                        "meta": {
                            "schema_version": "1"
                        },
                        "tainted": false
                    },
                    "deposed": [],
                    "provider": "provider.aws"
                },
                "aws_launch_configuration.wp_lc": {
                    "type": "aws_launch_configuration",
                    "depends_on": [],
                    "primary": {
                        "id": "wp_lc-20180902223443592500000001",
                        "attributes": {
                            "associate_public_ip_address": "false",
                            "ebs_block_device.#": "0",
                            "ebs_optimized": "false",
                            "enable_monitoring": "true",
                            "ephemeral_block_device.#": "0",
                            "iam_instance_profile": "s3_access",
                            "id": "wp_lc-20180902223443592500000001",
                            "image_id": "ami-09806d44294a414c4",
                            "instance_type": "t2.micro",
                            "key_name": "wpkey",
                            "name": "wp_lc-20180902223443592500000001",
                            "name_prefix": "wp_lc-",
                            "root_block_device.#": "0",
                            "security_groups.#": "1",
                            "security_groups.1009448881": "sg-0ab2a27b4c21d92ad",
                            "spot_price": "",
                            "user_data": "8d7465c0a6602b5e9e84027db517a57d68786c72",
                            "vpc_classic_link_id": "",
                            "vpc_classic_link_security_groups.#": "0"
                        },
                        "meta": {},
                        "tainted": false
                    },
                    "deposed": [],
                    "provider": "provider.aws"
                },
                "aws_route53_record.db": {
                    "type": "aws_route53_record",
                    "depends_on": [
                        "aws_db_instance.wp_db",
                        "aws_route53_zone.secondary"
                    ],
                    "primary": {
                        "id": "Z3BOYHLS9I8OGP_db.myilv.info_CNAME",
                        "attributes": {
                            "allow_overwrite": "true",
                            "fqdn": "db.myilv.info",
                            "health_check_id": "",
                            "id": "Z3BOYHLS9I8OGP_db.myilv.info_CNAME",
                            "name": "db.myilv.info",
                            "records.#": "1",
                            "records.1893236451": "terraform-20180902212332586300000003.cnloy3ysrchs.us-east-1.rds.amazonaws.com",
                            "set_identifier": "",
                            "ttl": "300",
                            "type": "CNAME",
                            "zone_id": "Z3BOYHLS9I8OGP"
                        },
                        "meta": {
                            "schema_version": "2"
                        },
                        "tainted": false
                    },
                    "deposed": [],
                    "provider": "provider.aws"
                },
                "aws_route53_record.dev": {
                    "type": "aws_route53_record",
                    "depends_on": [
                        "aws_instance.wp_dev",
                        "aws_route53_zone.primary"
                    ],
                    "primary": {
                        "id": "Z1XA9HIWPEINGP_dev.myilv.info_A",
                        "attributes": {
                            "allow_overwrite": "true",
                            "fqdn": "dev.myilv.info",
                            "health_check_id": "",
                            "id": "Z1XA9HIWPEINGP_dev.myilv.info_A",
                            "name": "dev.myilv.info",
                            "records.#": "1",
                            "records.2339093360": "18.213.245.103",
                            "set_identifier": "",
                            "ttl": "300",
                            "type": "A",
                            "zone_id": "Z1XA9HIWPEINGP"
                        },
                        "meta": {
                            "schema_version": "2"
                        },
                        "tainted": false
                    },
                    "deposed": [],
                    "provider": "provider.aws"
                },
                "aws_route53_record.www": {
                    "type": "aws_route53_record",
                    "depends_on": [
                        "aws_elb.wp_elb",
                        "aws_route53_zone.primary"
                    ],
                    "primary": {
                        "id": "Z1XA9HIWPEINGP_www.myilv.info_A",
                        "attributes": {
                            "alias.#": "1",
                            "alias.1161911171.evaluate_target_health": "false",
                            "alias.1161911171.name": "myilv-elb-1366086302.us-east-1.elb.amazonaws.com",
                            "alias.1161911171.zone_id": "Z35SXDOTRQ7X7K",
                            "allow_overwrite": "true",
                            "fqdn": "www.myilv.info",
                            "health_check_id": "",
                            "id": "Z1XA9HIWPEINGP_www.myilv.info_A",
                            "name": "www.myilv.info",
                            "records.#": "0",
                            "set_identifier": "",
                            "ttl": "0",
                            "type": "A",
                            "zone_id": "Z1XA9HIWPEINGP"
                        },
                        "meta": {
                            "schema_version": "2"
                        },
                        "tainted": false
                    },
                    "deposed": [],
                    "provider": "provider.aws"
                },
                "aws_route53_zone.primary": {
                    "type": "aws_route53_zone",
                    "depends_on": [],
                    "primary": {
                        "id": "Z1XA9HIWPEINGP",
                        "attributes": {
                            "comment": "Managed by Terraform",
                            "delegation_set_id": "N30D0MYGTIQIQQ",
                            "force_destroy": "false",
                            "id": "Z1XA9HIWPEINGP",
                            "name": "myilv.info",
                            "name_servers.#": "4",
                            "name_servers.0": "ns-1239.awsdns-26.org",
                            "name_servers.1": "ns-1643.awsdns-13.co.uk",
                            "name_servers.2": "ns-72.awsdns-09.com",
                            "name_servers.3": "ns-887.awsdns-46.net",
                            "tags.%": "0",
                            "zone_id": "Z1XA9HIWPEINGP"
                        },
                        "meta": {},
                        "tainted": false
                    },
                    "deposed": [],
                    "provider": "provider.aws"
                },
                "aws_route53_zone.secondary": {
                    "type": "aws_route53_zone",
                    "depends_on": [
                        "aws_vpc.wp_vpc"
                    ],
                    "primary": {
                        "id": "Z3BOYHLS9I8OGP",
                        "attributes": {
                            "comment": "Managed by Terraform",
                            "force_destroy": "false",
                            "id": "Z3BOYHLS9I8OGP",
                            "name": "myilv.info",
                            "name_servers.#": "4",
                            "name_servers.0": "ns-0.awsdns-00.com.",
                            "name_servers.1": "ns-1024.awsdns-00.org.",
                            "name_servers.2": "ns-1536.awsdns-00.co.uk.",
                            "name_servers.3": "ns-512.awsdns-00.net.",
                            "tags.%": "0",
                            "vpc_id": "vpc-06507e9e9e68b22b6",
                            "vpc_region": "us-east-1",
                            "zone_id": "Z3BOYHLS9I8OGP"
                        },
                        "meta": {},
                        "tainted": false
                    },
                    "deposed": [],
                    "provider": "provider.aws"
                },
                "aws_route_table.wp_public_rt": {
                    "type": "aws_route_table",
                    "depends_on": [
                        "aws_internet_gateway.wp_internet_gateway",
                        "aws_vpc.wp_vpc"
                    ],
                    "primary": {
                        "id": "rtb-08678400a11a08f7b",
                        "attributes": {
                            "id": "rtb-08678400a11a08f7b",
                            "propagating_vgws.#": "0",
                            "route.#": "1",
                            "route.1922069147.cidr_block": "0.0.0.0/0",
                            "route.1922069147.egress_only_gateway_id": "",
                            "route.1922069147.gateway_id": "igw-07c48b2f1828a1b6c",
                            "route.1922069147.instance_id": "",
                            "route.1922069147.ipv6_cidr_block": "",
                            "route.1922069147.nat_gateway_id": "",
                            "route.1922069147.network_interface_id": "",
                            "route.1922069147.vpc_peering_connection_id": "",
                            "tags.%": "1",
                            "tags.Name": "wp_public",
                            "vpc_id": "vpc-06507e9e9e68b22b6"
                        },
                        "meta": {},
                        "tainted": false
                    },
                    "deposed": [],
                    "provider": "provider.aws"
                },
                "aws_route_table_association.wp_private1_assoc": {
                    "type": "aws_route_table_association",
                    "depends_on": [
                        "aws_default_route_table.wp_private_rt",
                        "aws_subnet.wp_private1_subnet"
                    ],
                    "primary": {
                        "id": "rtbassoc-0d026442ca3fda9cd",
                        "attributes": {
                            "id": "rtbassoc-0d026442ca3fda9cd",
                            "route_table_id": "rtb-03163bd8997269251",
                            "subnet_id": "subnet-08643eded173cfc7b"
                        },
                        "meta": {},
                        "tainted": false
                    },
                    "deposed": [],
                    "provider": "provider.aws"
                },
                "aws_route_table_association.wp_private2_assoc": {
                    "type": "aws_route_table_association",
                    "depends_on": [
                        "aws_default_route_table.wp_private_rt",
                        "aws_subnet.wp_private2_subnet"
                    ],
                    "primary": {
                        "id": "rtbassoc-0862d68597387f328",
                        "attributes": {
                            "id": "rtbassoc-0862d68597387f328",
                            "route_table_id": "rtb-03163bd8997269251",
                            "subnet_id": "subnet-08826b3ba75a8c763"
                        },
                        "meta": {},
                        "tainted": false
                    },
                    "deposed": [],
                    "provider": "provider.aws"
                },
                "aws_route_table_association.wp_public1_assoc": {
                    "type": "aws_route_table_association",
                    "depends_on": [
                        "aws_route_table.wp_public_rt",
                        "aws_subnet.wp_public1_subnet"
                    ],
                    "primary": {
                        "id": "rtbassoc-07541f2b2c1f3e8e2",
                        "attributes": {
                            "id": "rtbassoc-07541f2b2c1f3e8e2",
                            "route_table_id": "rtb-08678400a11a08f7b",
                            "subnet_id": "subnet-0f520aa6052369dcf"
                        },
                        "meta": {},
                        "tainted": false
                    },
                    "deposed": [],
                    "provider": "provider.aws"
                },
                "aws_route_table_association.wp_public2_assoc": {
                    "type": "aws_route_table_association",
                    "depends_on": [
                        "aws_route_table.wp_public_rt",
                        "aws_subnet.wp_public2_subnet"
                    ],
                    "primary": {
                        "id": "rtbassoc-0115ab9ddbfc2855d",
                        "attributes": {
                            "id": "rtbassoc-0115ab9ddbfc2855d",
                            "route_table_id": "rtb-08678400a11a08f7b",
                            "subnet_id": "subnet-0a3c0c3a3279a1375"
                        },
                        "meta": {},
                        "tainted": false
                    },
                    "deposed": [],
                    "provider": "provider.aws"
                },
                "aws_s3_bucket.code": {
                    "type": "aws_s3_bucket",
                    "depends_on": [
                        "random_id.wp_code_bucket"
                    ],
                    "primary": {
                        "id": "myilv-38268",
                        "attributes": {
                            "acceleration_status": "",
                            "acl": "private",
                            "arn": "arn:aws:s3:::myilv-38268",
                            "bucket": "myilv-38268",
                            "bucket_domain_name": "myilv-38268.s3.amazonaws.com",
                            "bucket_regional_domain_name": "myilv-38268.s3.amazonaws.com",
                            "cors_rule.#": "0",
                            "force_destroy": "true",
                            "hosted_zone_id": "Z3AQBSTGFYJSTF",
                            "id": "myilv-38268",
                            "logging.#": "0",
                            "region": "us-east-1",
                            "replication_configuration.#": "0",
                            "request_payer": "BucketOwner",
                            "server_side_encryption_configuration.#": "0",
                            "tags.%": "1",
                            "tags.Name": "code bucket",
                            "versioning.#": "1",
                            "versioning.0.enabled": "false",
                            "versioning.0.mfa_delete": "false",
                            "website.#": "0"
                        },
                        "meta": {},
                        "tainted": false
                    },
                    "deposed": [],
                    "provider": "provider.aws"
                },
                "aws_security_group.wp_dev_sg": {
                    "type": "aws_security_group",
                    "depends_on": [
                        "aws_vpc.wp_vpc"
                    ],
                    "primary": {
                        "id": "sg-00b5acf1f32717cb9",
                        "attributes": {
                            "arn": "arn:aws:ec2:us-east-1:376483568454:security-group/sg-00b5acf1f32717cb9",
                            "description": "Used for access to the dev instance",
                            "egress.#": "1",
                            "egress.482069346.cidr_blocks.#": "1",
                            "egress.482069346.cidr_blocks.0": "0.0.0.0/0",
                            "egress.482069346.description": "",
                            "egress.482069346.from_port": "0",
                            "egress.482069346.ipv6_cidr_blocks.#": "0",
                            "egress.482069346.prefix_list_ids.#": "0",
                            "egress.482069346.protocol": "-1",
                            "egress.482069346.security_groups.#": "0",
                            "egress.482069346.self": "false",
                            "egress.482069346.to_port": "0",
                            "id": "sg-00b5acf1f32717cb9",
                            "ingress.#": "2",
                            "ingress.1522393418.cidr_blocks.#": "1",
                            "ingress.1522393418.cidr_blocks.0": "185.29.253.99/32",
                            "ingress.1522393418.description": "",
                            "ingress.1522393418.from_port": "22",
                            "ingress.1522393418.ipv6_cidr_blocks.#": "0",
                            "ingress.1522393418.protocol": "tcp",
                            "ingress.1522393418.security_groups.#": "0",
                            "ingress.1522393418.self": "false",
                            "ingress.1522393418.to_port": "22",
                            "ingress.2214680975.cidr_blocks.#": "1",
                            "ingress.2214680975.cidr_blocks.0": "0.0.0.0/0",
                            "ingress.2214680975.description": "",
                            "ingress.2214680975.from_port": "80",
                            "ingress.2214680975.ipv6_cidr_blocks.#": "0",
                            "ingress.2214680975.protocol": "tcp",
                            "ingress.2214680975.security_groups.#": "0",
                            "ingress.2214680975.self": "false",
                            "ingress.2214680975.to_port": "80",
                            "name": "wp_dev_sg",
                            "owner_id": "376483568454",
                            "revoke_rules_on_delete": "false",
                            "tags.%": "0",
                            "vpc_id": "vpc-06507e9e9e68b22b6"
                        },
                        "meta": {
                            "e2bfb730-ecaa-11e6-8f88-34363bc7c4c0": {
                                "create": 600000000000,
                                "delete": 600000000000
                            },
                            "schema_version": "1"
                        },
                        "tainted": false
                    },
                    "deposed": [],
                    "provider": "provider.aws"
                },
                "aws_security_group.wp_private_sg": {
                    "type": "aws_security_group",
                    "depends_on": [
                        "aws_vpc.wp_vpc"
                    ],
                    "primary": {
                        "id": "sg-0ab2a27b4c21d92ad",
                        "attributes": {
                            "arn": "arn:aws:ec2:us-east-1:376483568454:security-group/sg-0ab2a27b4c21d92ad",
                            "description": "Used for internal access along vpc",
                            "egress.#": "1",
                            "egress.482069346.cidr_blocks.#": "1",
                            "egress.482069346.cidr_blocks.0": "0.0.0.0/0",
                            "egress.482069346.description": "",
                            "egress.482069346.from_port": "0",
                            "egress.482069346.ipv6_cidr_blocks.#": "0",
                            "egress.482069346.prefix_list_ids.#": "0",
                            "egress.482069346.protocol": "-1",
                            "egress.482069346.security_groups.#": "0",
                            "egress.482069346.self": "false",
                            "egress.482069346.to_port": "0",
                            "id": "sg-0ab2a27b4c21d92ad",
                            "ingress.#": "1",
                            "ingress.1960698028.cidr_blocks.#": "1",
                            "ingress.1960698028.cidr_blocks.0": "10.0.0.0/16",
                            "ingress.1960698028.description": "",
                            "ingress.1960698028.from_port": "0",
                            "ingress.1960698028.ipv6_cidr_blocks.#": "0",
                            "ingress.1960698028.protocol": "-1",
                            "ingress.1960698028.security_groups.#": "0",
                            "ingress.1960698028.self": "false",
                            "ingress.1960698028.to_port": "0",
                            "name": "wp_private_sg",
                            "owner_id": "376483568454",
                            "revoke_rules_on_delete": "false",
                            "tags.%": "0",
                            "vpc_id": "vpc-06507e9e9e68b22b6"
                        },
                        "meta": {
                            "e2bfb730-ecaa-11e6-8f88-34363bc7c4c0": {
                                "create": 600000000000,
                                "delete": 600000000000
                            },
                            "schema_version": "1"
                        },
                        "tainted": false
                    },
                    "deposed": [],
                    "provider": "provider.aws"
                },
                "aws_security_group.wp_public_sg": {
                    "type": "aws_security_group",
                    "depends_on": [
                        "aws_vpc.wp_vpc"
                    ],
                    "primary": {
                        "id": "sg-0ab25866db97533aa",
                        "attributes": {
                            "arn": "arn:aws:ec2:us-east-1:376483568454:security-group/sg-0ab25866db97533aa",
                            "description": "Used for the elastic load balancer for public access",
                            "egress.#": "1",
                            "egress.482069346.cidr_blocks.#": "1",
                            "egress.482069346.cidr_blocks.0": "0.0.0.0/0",
                            "egress.482069346.description": "",
                            "egress.482069346.from_port": "0",
                            "egress.482069346.ipv6_cidr_blocks.#": "0",
                            "egress.482069346.prefix_list_ids.#": "0",
                            "egress.482069346.protocol": "-1",
                            "egress.482069346.security_groups.#": "0",
                            "egress.482069346.self": "false",
                            "egress.482069346.to_port": "0",
                            "id": "sg-0ab25866db97533aa",
                            "ingress.#": "1",
                            "ingress.2214680975.cidr_blocks.#": "1",
                            "ingress.2214680975.cidr_blocks.0": "0.0.0.0/0",
                            "ingress.2214680975.description": "",
                            "ingress.2214680975.from_port": "80",
                            "ingress.2214680975.ipv6_cidr_blocks.#": "0",
                            "ingress.2214680975.protocol": "tcp",
                            "ingress.2214680975.security_groups.#": "0",
                            "ingress.2214680975.self": "false",
                            "ingress.2214680975.to_port": "80",
                            "name": "wp_public_sg",
                            "owner_id": "376483568454",
                            "revoke_rules_on_delete": "false",
                            "tags.%": "0",
                            "vpc_id": "vpc-06507e9e9e68b22b6"
                        },
                        "meta": {
                            "e2bfb730-ecaa-11e6-8f88-34363bc7c4c0": {
                                "create": 600000000000,
                                "delete": 600000000000
                            },
                            "schema_version": "1"
                        },
                        "tainted": false
                    },
                    "deposed": [],
                    "provider": "provider.aws"
                },
                "aws_security_group.wp_rds_sg": {
                    "type": "aws_security_group",
                    "depends_on": [
                        "aws_security_group.wp_dev_sg",
                        "aws_security_group.wp_private_sg",
                        "aws_security_group.wp_public_sg",
                        "aws_vpc.wp_vpc"
                    ],
                    "primary": {
                        "id": "sg-0175d3041bc241212",
                        "attributes": {
                            "arn": "arn:aws:ec2:us-east-1:376483568454:security-group/sg-0175d3041bc241212",
                            "description": "Used for RDS instances",
                            "egress.#": "0",
                            "id": "sg-0175d3041bc241212",
                            "ingress.#": "1",
                            "ingress.1538284860.cidr_blocks.#": "0",
                            "ingress.1538284860.description": "",
                            "ingress.1538284860.from_port": "3306",
                            "ingress.1538284860.ipv6_cidr_blocks.#": "0",
                            "ingress.1538284860.protocol": "tcp",
                            "ingress.1538284860.security_groups.#": "3",
                            "ingress.1538284860.security_groups.1009448881": "sg-0ab2a27b4c21d92ad",
                            "ingress.1538284860.security_groups.4016396774": "sg-00b5acf1f32717cb9",
                            "ingress.1538284860.security_groups.530568557": "sg-0ab25866db97533aa",
                            "ingress.1538284860.self": "false",
                            "ingress.1538284860.to_port": "3306",
                            "name": "wp_rds_sg",
                            "owner_id": "376483568454",
                            "revoke_rules_on_delete": "false",
                            "tags.%": "0",
                            "vpc_id": "vpc-06507e9e9e68b22b6"
                        },
                        "meta": {
                            "e2bfb730-ecaa-11e6-8f88-34363bc7c4c0": {
                                "create": 600000000000,
                                "delete": 600000000000
                            },
                            "schema_version": "1"
                        },
                        "tainted": false
                    },
                    "deposed": [],
                    "provider": "provider.aws"
                },
                "aws_subnet.wp_private1_subnet": {
                    "type": "aws_subnet",
                    "depends_on": [
                        "aws_vpc.wp_vpc",
                        "data.aws_availability_zones.available"
                    ],
                    "primary": {
                        "id": "subnet-08643eded173cfc7b",
                        "attributes": {
                            "assign_ipv6_address_on_creation": "false",
                            "availability_zone": "us-east-1a",
                            "cidr_block": "10.0.3.0/24",
                            "id": "subnet-08643eded173cfc7b",
                            "map_public_ip_on_launch": "false",
                            "tags.%": "1",
                            "tags.Name": "wp_private1",
                            "vpc_id": "vpc-06507e9e9e68b22b6"
                        },
                        "meta": {
                            "schema_version": "1"
                        },
                        "tainted": false
                    },
                    "deposed": [],
                    "provider": "provider.aws"
                },
                "aws_subnet.wp_private2_subnet": {
                    "type": "aws_subnet",
                    "depends_on": [
                        "aws_vpc.wp_vpc",
                        "data.aws_availability_zones.available"
                    ],
                    "primary": {
                        "id": "subnet-08826b3ba75a8c763",
                        "attributes": {
                            "assign_ipv6_address_on_creation": "false",
                            "availability_zone": "us-east-1b",
                            "cidr_block": "10.0.4.0/24",
                            "id": "subnet-08826b3ba75a8c763",
                            "map_public_ip_on_launch": "false",
                            "tags.%": "1",
                            "tags.Name": "wp_private2",
                            "vpc_id": "vpc-06507e9e9e68b22b6"
                        },
                        "meta": {
                            "schema_version": "1"
                        },
                        "tainted": false
                    },
                    "deposed": [],
                    "provider": "provider.aws"
                },
                "aws_subnet.wp_public1_subnet": {
                    "type": "aws_subnet",
                    "depends_on": [
                        "aws_vpc.wp_vpc",
                        "data.aws_availability_zones.available"
                    ],
                    "primary": {
                        "id": "subnet-0f520aa6052369dcf",
                        "attributes": {
                            "assign_ipv6_address_on_creation": "false",
                            "availability_zone": "us-east-1a",
                            "cidr_block": "10.0.1.0/24",
                            "id": "subnet-0f520aa6052369dcf",
                            "map_public_ip_on_launch": "true",
                            "tags.%": "1",
                            "tags.Name": "wp_public1",
                            "vpc_id": "vpc-06507e9e9e68b22b6"
                        },
                        "meta": {
                            "schema_version": "1"
                        },
                        "tainted": false
                    },
                    "deposed": [],
                    "provider": "provider.aws"
                },
                "aws_subnet.wp_public2_subnet": {
                    "type": "aws_subnet",
                    "depends_on": [
                        "aws_vpc.wp_vpc",
                        "data.aws_availability_zones.available"
                    ],
                    "primary": {
                        "id": "subnet-0a3c0c3a3279a1375",
                        "attributes": {
                            "assign_ipv6_address_on_creation": "false",
                            "availability_zone": "us-east-1b",
                            "cidr_block": "10.0.2.0/24",
                            "id": "subnet-0a3c0c3a3279a1375",
                            "map_public_ip_on_launch": "true",
                            "tags.%": "1",
                            "tags.Name": "wp_public2",
                            "vpc_id": "vpc-06507e9e9e68b22b6"
                        },
                        "meta": {
                            "schema_version": "1"
                        },
                        "tainted": false
                    },
                    "deposed": [],
                    "provider": "provider.aws"
                },
                "aws_subnet.wp_rds1_subnet": {
                    "type": "aws_subnet",
                    "depends_on": [
                        "aws_vpc.wp_vpc",
                        "data.aws_availability_zones.available"
                    ],
                    "primary": {
                        "id": "subnet-02fa72f549d9b09ee",
                        "attributes": {
                            "assign_ipv6_address_on_creation": "false",
                            "availability_zone": "us-east-1a",
                            "cidr_block": "10.0.5.0/24",
                            "id": "subnet-02fa72f549d9b09ee",
                            "map_public_ip_on_launch": "false",
                            "tags.%": "1",
                            "tags.Name": "wp_rds1",
                            "vpc_id": "vpc-06507e9e9e68b22b6"
                        },
                        "meta": {
                            "schema_version": "1"
                        },
                        "tainted": false
                    },
                    "deposed": [],
                    "provider": "provider.aws"
                },
                "aws_subnet.wp_rds2_subnet": {
                    "type": "aws_subnet",
                    "depends_on": [
                        "aws_vpc.wp_vpc",
                        "data.aws_availability_zones.available"
                    ],
                    "primary": {
                        "id": "subnet-0e8c50532392a86d6",
                        "attributes": {
                            "assign_ipv6_address_on_creation": "false",
                            "availability_zone": "us-east-1b",
                            "cidr_block": "10.0.6.0/24",
                            "id": "subnet-0e8c50532392a86d6",
                            "map_public_ip_on_launch": "false",
                            "tags.%": "1",
                            "tags.Name": "wp_rds2",
                            "vpc_id": "vpc-06507e9e9e68b22b6"
                        },
                        "meta": {
                            "schema_version": "1"
                        },
                        "tainted": false
                    },
                    "deposed": [],
                    "provider": "provider.aws"
                },
                "aws_subnet.wp_rds3_subnet": {
                    "type": "aws_subnet",
                    "depends_on": [
                        "aws_vpc.wp_vpc",
                        "data.aws_availability_zones.available"
                    ],
                    "primary": {
                        "id": "subnet-0004bc58cf73c9d65",
                        "attributes": {
                            "assign_ipv6_address_on_creation": "false",
                            "availability_zone": "us-east-1c",
                            "cidr_block": "10.0.7.0/24",
                            "id": "subnet-0004bc58cf73c9d65",
                            "map_public_ip_on_launch": "false",
                            "tags.%": "1",
                            "tags.Name": "wp_rds3",
                            "vpc_id": "vpc-06507e9e9e68b22b6"
                        },
                        "meta": {
                            "schema_version": "1"
                        },
                        "tainted": false
                    },
                    "deposed": [],
                    "provider": "provider.aws"
                },
                "aws_vpc.wp_vpc": {
                    "type": "aws_vpc",
                    "depends_on": [],
                    "primary": {
                        "id": "vpc-06507e9e9e68b22b6",
                        "attributes": {
                            "arn": "arn:aws:ec2:us-east-1:376483568454:vpc/vpc-06507e9e9e68b22b6",
                            "assign_generated_ipv6_cidr_block": "false",
                            "cidr_block": "10.0.0.0/16",
                            "default_network_acl_id": "acl-0ae5bd36844506536",
                            "default_route_table_id": "rtb-03163bd8997269251",
                            "default_security_group_id": "sg-058e9e920e83aa2c1",
                            "dhcp_options_id": "dopt-29bfcf51",
                            "enable_classiclink": "false",
                            "enable_classiclink_dns_support": "false",
                            "enable_dns_hostnames": "true",
                            "enable_dns_support": "true",
                            "id": "vpc-06507e9e9e68b22b6",
                            "instance_tenancy": "default",
                            "main_route_table_id": "rtb-03163bd8997269251",
                            "tags.%": "1",
                            "tags.Name": "wp_vpc"
                        },
                        "meta": {
                            "schema_version": "1"
                        },
                        "tainted": false
                    },
                    "deposed": [],
                    "provider": "provider.aws"
                },
                "aws_vpc_endpoint.wp_private-s3_endpoint": {
                    "type": "aws_vpc_endpoint",
                    "depends_on": [
                        "aws_route_table.wp_public_rt",
                        "aws_vpc.wp_vpc"
                    ],
                    "primary": {
                        "id": "vpce-01ad0feb78cdcba85",
                        "attributes": {
                            "cidr_blocks.#": "2",
                            "cidr_blocks.0": "54.231.0.0/17",
                            "cidr_blocks.1": "52.216.0.0/15",
                            "dns_entry.#": "0",
                            "id": "vpce-01ad0feb78cdcba85",
                            "network_interface_ids.#": "0",
                            "policy": "{\"Statement\":[{\"Action\":\"*\",\"Effect\":\"Allow\",\"Principal\":\"*\",\"Resource\":\"*\"}],\"Version\":\"2008-10-17\"}",
                            "prefix_list_id": "pl-63a5400a",
                            "private_dns_enabled": "false",
                            "route_table_ids.#": "2",
                            "route_table_ids.135806498": "rtb-08678400a11a08f7b",
                            "route_table_ids.3561657395": "rtb-03163bd8997269251",
                            "security_group_ids.#": "0",
                            "service_name": "com.amazonaws.us-east-1.s3",
                            "state": "available",
                            "subnet_ids.#": "0",
                            "vpc_endpoint_type": "Gateway",
                            "vpc_id": "vpc-06507e9e9e68b22b6"
                        },
                        "meta": {
                            "e2bfb730-ecaa-11e6-8f88-34363bc7c4c0": {
                                "create": 600000000000,
                                "delete": 600000000000,
                                "update": 600000000000
                            }
                        },
                        "tainted": false
                    },
                    "deposed": [],
                    "provider": "provider.aws"
                },
                "data.aws_availability_zones.available": {
                    "type": "aws_availability_zones",
                    "depends_on": [],
                    "primary": {
                        "id": "2018-09-02 22:31:43.321110193 +0000 UTC",
                        "attributes": {
                            "id": "2018-09-02 22:31:43.321110193 +0000 UTC",
                            "names.#": "6",
                            "names.0": "us-east-1a",
                            "names.1": "us-east-1b",
                            "names.2": "us-east-1c",
                            "names.3": "us-east-1d",
                            "names.4": "us-east-1e",
                            "names.5": "us-east-1f"
                        },
                        "meta": {},
                        "tainted": false
                    },
                    "deposed": [],
                    "provider": "provider.aws"
                },
                "random_id.wp_ami_entropy": {
                    "type": "random_id",
                    "depends_on": [],
                    "primary": {
                        "id": "QoQn",
                        "attributes": {
                            "b64": "QoQn",
                            "b64_std": "QoQn",
                            "b64_url": "QoQn",
                            "byte_length": "3",
                            "dec": "4359207",
                            "hex": "428427",
                            "id": "QoQn"
                        },
                        "meta": {},
                        "tainted": false
                    },
                    "deposed": [],
                    "provider": "provider.random"
                },
                "random_id.wp_code_bucket": {
                    "type": "random_id",
                    "depends_on": [],
                    "primary": {
                        "id": "lXw",
                        "attributes": {
                            "b64": "lXw",
                            "b64_std": "lXw=",
                            "b64_url": "lXw",
                            "byte_length": "2",
                            "dec": "38268",
                            "hex": "957c",
                            "id": "lXw"
                        },
                        "meta": {},
                        "tainted": false
                    },
                    "deposed": [],
                    "provider": "provider.random"
                }
            },
            "depends_on": []
        }
    ]
}
